
Microsoft Visual Studio Solution File, Format Version 12.00
# Visual Studio Version 16
VisualStudioVersion = 16.0.30128.74
MinimumVisualStudioVersion = 10.0.40219.1
Project("{FAE04EC0-301F-11D3-BF4B-00C04F79EFBC}") = "TinyApplication", "TinyApplication\TinyApplication.csproj", "{0DEBE5F5-B62D-4BDD-B548-89D4364FF34C}"
EndProject
Global
	GlobalSection(SolutionConfigurationPlatforms) = preSolution
		Debug|Any CPU = Debug|Any CPU
		Release|Any CPU = Release|Any CPU
	EndGlobalSection
	GlobalSection(ProjectConfigurationPlatforms) = postSolution
		{0DEBE5F5-B62D-4BDD-B548-89D4364FF34C}.Debug|Any CPU.ActiveCfg = Debug|Any CPU
		{0DEBE5F5-B62D-4BDD-B548-89D4364FF34C}.Debug|Any CPU.Build.0 = Debug|Any CPU
		{0DEBE5F5-B62D-4BDD-B548-89D4364FF34C}.Release|Any CPU.ActiveCfg = Release|Any CPU
		{0DEBE5F5-B62D-4BDD-B548-89D4364FF34C}.Release|Any CPU.Build.0 = Release|Any CPU
	EndGlobalSection
	GlobalSection(SolutionProperties) = preSolution
		HideSolutionNode = FALSE
	EndGlobalSection
	GlobalSection(ExtensibilityGlobals) = postSolution
		SolutionGuid = {955AFAB0-203F-40E7-9F23-5A9D2DDBFF6D}
	EndGlobalSection
EndGlobal
